
Microsoft Visual Studio Solution File, Format Version 12.00
# Visual Studio 15
VisualStudioVersion = 15.0.27130.2003
MinimumVisualStudioVersion = 10.0.40219.1
Project("{FAE04EC0-301F-11D3-BF4B-00C04F79EFBC}") = "SIM-zero-sum-Pennies", "SIM-zero-sum-Pennies\SIM-zero-sum-Pennies.csproj", "{432C78D6-FFEC-4C7F-ADB9-2517535ACD8E}"
EndProject
Global
	GlobalSection(SolutionConfigurationPlatforms) = preSolution
		Debug|Any CPU = Debug|Any CPU
		Release|Any CPU = Release|Any CPU
	EndGlobalSection
	GlobalSection(ProjectConfigurationPlatforms) = postSolution
		{432C78D6-FFEC-4C7F-ADB9-2517535ACD8E}.Debug|Any CPU.ActiveCfg = Debug|Any CPU
		{432C78D6-FFEC-4C7F-ADB9-2517535ACD8E}.Debug|Any CPU.Build.0 = Debug|Any CPU
		{432C78D6-FFEC-4C7F-ADB9-2517535ACD8E}.Release|Any CPU.ActiveCfg = Release|Any CPU
		{432C78D6-FFEC-4C7F-ADB9-2517535ACD8E}.Release|Any CPU.Build.0 = Release|Any CPU
	EndGlobalSection
	GlobalSection(SolutionProperties) = preSolution
		HideSolutionNode = FALSE
	EndGlobalSection
	GlobalSection(ExtensibilityGlobals) = postSolution
		SolutionGuid = {7F4FAE76-11E4-41FD-A919-476B5D89F937}
	EndGlobalSection
EndGlobal
